
Microsoft Visual Studio Solution File, Format Version 12.00
# Visual Studio Version 17
VisualStudioVersion = 17.7.34024.191
MinimumVisualStudioVersion = 10.0.40219.1
Project("{FAE04EC0-301F-11D3-BF4B-00C04F79EFBC}") = "App1.Android", "App1\App1.Android\App1.Android.csproj", "{2B301D20-3264-4302-AD0A-291615CB2185}"
EndProject
Project("{FAE04EC0-301F-11D3-BF4B-00C04F79EFBC}") = "App1", "App1\App1\App1.csproj", "{AD497076-EC4D-4BC2-BE11-496A3BAE99CC}"
EndProject
Global
	GlobalSection(SolutionConfigurationPlatforms) = preSolution
		Debug|Any CPU = Debug|Any CPU
		Release|Any CPU = Release|Any CPU
	EndGlobalSection
	GlobalSection(ProjectConfigurationPlatforms) = postSolution
		{2B301D20-3264-4302-AD0A-291615CB2185}.Debug|Any CPU.ActiveCfg = Debug|Any CPU
		{2B301D20-3264-4302-AD0A-291615CB2185}.Debug|Any CPU.Build.0 = Debug|Any CPU
		{2B301D20-3264-4302-AD0A-291615CB2185}.Debug|Any CPU.Deploy.0 = Debug|Any CPU
		{2B301D20-3264-4302-AD0A-291615CB2185}.Release|Any CPU.ActiveCfg = Release|Any CPU
		{2B301D20-3264-4302-AD0A-291615CB2185}.Release|Any CPU.Build.0 = Release|Any CPU
		{2B301D20-3264-4302-AD0A-291615CB2185}.Release|Any CPU.Deploy.0 = Release|Any CPU
		{AD497076-EC4D-4BC2-BE11-496A3BAE99CC}.Debug|Any CPU.ActiveCfg = Debug|Any CPU
		{AD497076-EC4D-4BC2-BE11-496A3BAE99CC}.Debug|Any CPU.Build.0 = Debug|Any CPU
		{AD497076-EC4D-4BC2-BE11-496A3BAE99CC}.Debug|Any CPU.Deploy.0 = Debug|Any CPU
		{AD497076-EC4D-4BC2-BE11-496A3BAE99CC}.Release|Any CPU.ActiveCfg = Release|Any CPU
		{AD497076-EC4D-4BC2-BE11-496A3BAE99CC}.Release|Any CPU.Build.0 = Release|Any CPU
		{AD497076-EC4D-4BC2-BE11-496A3BAE99CC}.Release|Any CPU.Deploy.0 = Release|Any CPU
	EndGlobalSection
	GlobalSection(SolutionProperties) = preSolution
		HideSolutionNode = FALSE
	EndGlobalSection
	GlobalSection(ExtensibilityGlobals) = postSolution
		SolutionGuid = {D6453276-8C1D-4B7A-BA24-F176875BC7FD}
	EndGlobalSection
EndGlobal
